
Microsoft Visual Studio Solution File, Format Version 12.00
# Visual Studio 15
VisualStudioVersion = 15.0.27703.2042
MinimumVisualStudioVersion = 10.0.40219.1
Project("{FAE04EC0-301F-11D3-BF4B-00C04F79EFBC}") = "patientsApi", "patientsApi\patientsApi.csproj", "{EB7BEC24-BC13-4C95-B0A7-1302459765D3}"
EndProject
Project("{FAE04EC0-301F-11D3-BF4B-00C04F79EFBC}") = "DAL", "DAL\DAL.csproj", "{196C738F-DF2C-4EA1-830A-E81DAB17C80B}"
EndProject
Project("{FAE04EC0-301F-11D3-BF4B-00C04F79EFBC}") = "BLL", "BLL\BLL.csproj", "{5B6C600B-AAEA-4E91-BCEC-14A830834057}"
EndProject
Global
	GlobalSection(SolutionConfigurationPlatforms) = preSolution
		Debug|Any CPU = Debug|Any CPU
		Release|Any CPU = Release|Any CPU
	EndGlobalSection
	GlobalSection(ProjectConfigurationPlatforms) = postSolution
		{EB7BEC24-BC13-4C95-B0A7-1302459765D3}.Debug|Any CPU.ActiveCfg = Debug|Any CPU
		{EB7BEC24-BC13-4C95-B0A7-1302459765D3}.Debug|Any CPU.Build.0 = Debug|Any CPU
		{EB7BEC24-BC13-4C95-B0A7-1302459765D3}.Release|Any CPU.ActiveCfg = Release|Any CPU
		{EB7BEC24-BC13-4C95-B0A7-1302459765D3}.Release|Any CPU.Build.0 = Release|Any CPU
		{196C738F-DF2C-4EA1-830A-E81DAB17C80B}.Debug|Any CPU.ActiveCfg = Debug|Any CPU
		{196C738F-DF2C-4EA1-830A-E81DAB17C80B}.Debug|Any CPU.Build.0 = Debug|Any CPU
		{196C738F-DF2C-4EA1-830A-E81DAB17C80B}.Release|Any CPU.ActiveCfg = Release|Any CPU
		{196C738F-DF2C-4EA1-830A-E81DAB17C80B}.Release|Any CPU.Build.0 = Release|Any CPU
		{5B6C600B-AAEA-4E91-BCEC-14A830834057}.Debug|Any CPU.ActiveCfg = Debug|Any CPU
		{5B6C600B-AAEA-4E91-BCEC-14A830834057}.Debug|Any CPU.Build.0 = Debug|Any CPU
		{5B6C600B-AAEA-4E91-BCEC-14A830834057}.Release|Any CPU.ActiveCfg = Release|Any CPU
		{5B6C600B-AAEA-4E91-BCEC-14A830834057}.Release|Any CPU.Build.0 = Release|Any CPU
	EndGlobalSection
	GlobalSection(SolutionProperties) = preSolution
		HideSolutionNode = FALSE
	EndGlobalSection
	GlobalSection(ExtensibilityGlobals) = postSolution
		SolutionGuid = {82343B80-6BE6-4EDD-AD55-84C96EEE01E4}
	EndGlobalSection
EndGlobal
